
Microsoft Visual Studio Solution File, Format Version 12.00
# Visual Studio 2013
VisualStudioVersion = 12.0.31101.0
MinimumVisualStudioVersion = 10.0.40219.1
Project("{FAE04EC0-301F-11D3-BF4B-00C04F79EFBC}") = "x_todo", "x-todo\x_todo.csproj", "{FFDD2072-EA64-4515-9FEF-E264597EA5AF}"
EndProject
Project("{FAE04EC0-301F-11D3-BF4B-00C04F79EFBC}") = "x_todo.Tests", "x_todo.Tests\x_todo.Tests.csproj", "{DE10A64B-B144-4B26-AAC0-553FB6E76496}"
EndProject
Global
	GlobalSection(SolutionConfigurationPlatforms) = preSolution
		Debug|Any CPU = Debug|Any CPU
		Release|Any CPU = Release|Any CPU
	EndGlobalSection
	GlobalSection(ProjectConfigurationPlatforms) = postSolution
		{FFDD2072-EA64-4515-9FEF-E264597EA5AF}.Debug|Any CPU.ActiveCfg = Debug|Any CPU
		{FFDD2072-EA64-4515-9FEF-E264597EA5AF}.Debug|Any CPU.Build.0 = Debug|Any CPU
		{FFDD2072-EA64-4515-9FEF-E264597EA5AF}.Release|Any CPU.ActiveCfg = Release|Any CPU
		{FFDD2072-EA64-4515-9FEF-E264597EA5AF}.Release|Any CPU.Build.0 = Release|Any CPU
		{DE10A64B-B144-4B26-AAC0-553FB6E76496}.Debug|Any CPU.ActiveCfg = Debug|Any CPU
		{DE10A64B-B144-4B26-AAC0-553FB6E76496}.Debug|Any CPU.Build.0 = Debug|Any CPU
		{DE10A64B-B144-4B26-AAC0-553FB6E76496}.Release|Any CPU.ActiveCfg = Release|Any CPU
		{DE10A64B-B144-4B26-AAC0-553FB6E76496}.Release|Any CPU.Build.0 = Release|Any CPU
	EndGlobalSection
	GlobalSection(SolutionProperties) = preSolution
		HideSolutionNode = FALSE
	EndGlobalSection
EndGlobal
